// !$*UTF8*$!
{
	archiveVersion = 1;
	classes = {
	};
	objectVersion = 60;
	objects = {

/* Begin PBXBuildFile section */
		8B6D47482AE3C092002E6811 /* SpaceXAPI in Frameworks */ = {isa = PBXBuildFile; productRef = 8B6D47472AE3C092002E6811 /* SpaceXAPI */; };
		8B6D474A2AE3C0DD002E6811 /* SpaceXAPI in Frameworks */ = {isa = PBXBuildFile; productRef = 8B6D47492AE3C0DD002E6811 /* SpaceXAPI */; };
		8B6D474D2AE3C147002E6811 /* SpaceXAPI in Frameworks */ = {isa = PBXBuildFile; productRef = 8B6D474C2AE3C147002E6811 /* SpaceXAPI */; };
		8B6D47512AE3C3B7002E6811 /* Network.swift in Sources */ = {isa = PBXBuildFile; fileRef = 8B6D47502AE3C3B7002E6811 /* Network.swift */; };
		8B6D47532AE3C521002E6811 /* LaunchViewModel.swift in Sources */ = {isa = PBXBuildFile; fileRef = 8B6D47522AE3C521002E6811 /* LaunchViewModel.swift */; };
		8B6D47552AE3C889002E6811 /* LaunchModel.swift in Sources */ = {isa = PBXBuildFile; fileRef = 8B6D47542AE3C889002E6811 /* LaunchModel.swift */; };
		8B77D6E12AE3BC5A004F354C /* rocket_launchesApp.swift in Sources */ = {isa = PBXBuildFile; fileRef = 8B77D6E02AE3BC5A004F354C /* rocket_launchesApp.swift */; };
		8B77D6E32AE3BC5A004F354C /* ContentView.swift in Sources */ = {isa = PBXBuildFile; fileRef = 8B77D6E22AE3BC5A004F354C /* ContentView.swift */; };
		8B77D6E52AE3BC5C004F354C /* Assets.xcassets in Resources */ = {isa = PBXBuildFile; fileRef = 8B77D6E42AE3BC5C004F354C /* Assets.xcassets */; };
		8B77D6E82AE3BC5C004F354C /* Preview Assets.xcassets in Resources */ = {isa = PBXBuildFile; fileRef = 8B77D6E72AE3BC5C004F354C /* Preview Assets.xcassets */; };
		8B77D6F02AE3BCB6004F354C /* Apollo in Frameworks */ = {isa = PBXBuildFile; productRef = 8B77D6EF2AE3BCB6004F354C /* Apollo */; };
		8B77D6F22AE3BEC6004F354C /* GrahpQL in Resources */ = {isa = PBXBuildFile; fileRef = 8B77D6F12AE3BEC6004F354C /* GrahpQL */; };
/* End PBXBuildFile section */

/* Begin PBXFileReference section */
		8B6D47502AE3C3B7002E6811 /* Network.swift */ = {isa = PBXFileReference; lastKnownFileType = sourcecode.swift; path = Network.swift; sourceTree = "<group>"; };
		8B6D47522AE3C521002E6811 /* LaunchViewModel.swift */ = {isa = PBXFileReference; lastKnownFileType = sourcecode.swift; path = LaunchViewModel.swift; sourceTree = "<group>"; };
		8B6D47542AE3C889002E6811 /* LaunchModel.swift */ = {isa = PBXFileReference; lastKnownFileType = sourcecode.swift; path = LaunchModel.swift; sourceTree = "<group>"; };
		8B77D6DD2AE3BC5A004F354C /* rocket-launches.app */ = {isa = PBXFileReference; explicitFileType = wrapper.application; includeInIndex = 0; path = "rocket-launches.app"; sourceTree = BUILT_PRODUCTS_DIR; };
		8B77D6E02AE3BC5A004F354C /* rocket_launchesApp.swift */ = {isa = PBXFileReference; lastKnownFileType = sourcecode.swift; path = rocket_launchesApp.swift; sourceTree = "<group>"; };
		8B77D6E22AE3BC5A004F354C /* ContentView.swift */ = {isa = PBXFileReference; lastKnownFileType = sourcecode.swift; path = ContentView.swift; sourceTree = "<group>"; };
		8B77D6E42AE3BC5C004F354C /* Assets.xcassets */ = {isa = PBXFileReference; lastKnownFileType = folder.assetcatalog; path = Assets.xcassets; sourceTree = "<group>"; };
		8B77D6E72AE3BC5C004F354C /* Preview Assets.xcassets */ = {isa = PBXFileReference; lastKnownFileType = folder.assetcatalog; path = "Preview Assets.xcassets"; sourceTree = "<group>"; };
		8B77D6F12AE3BEC6004F354C /* GrahpQL */ = {isa = PBXFileReference; lastKnownFileType = folder; path = GrahpQL; sourceTree = "<group>"; };
/* End PBXFileReference section */

/* Begin PBXFrameworksBuildPhase section */
		8B77D6DA2AE3BC5A004F354C /* Frameworks */ = {
			isa = PBXFrameworksBuildPhase;
			buildActionMask = 2147483647;
			files = (
				8B77D6F02AE3BCB6004F354C /* Apollo in Frameworks */,
				8B6D47482AE3C092002E6811 /* SpaceXAPI in Frameworks */,
				8B6D474A2AE3C0DD002E6811 /* SpaceXAPI in Frameworks */,
				8B6D474D2AE3C147002E6811 /* SpaceXAPI in Frameworks */,
			);
			runOnlyForDeploymentPostprocessing = 0;
		};
/* End PBXFrameworksBuildPhase section */

/* Begin PBXGroup section */
		8B77D6D42AE3BC5A004F354C = {
			isa = PBXGroup;
			children = (
				8B77D6DF2AE3BC5A004F354C /* rocket-launches */,
				8B77D6DE2AE3BC5A004F354C /* Products */,
			);
			sourceTree = "<group>";
		};
		8B77D6DE2AE3BC5A004F354C /* Products */ = {
			isa = PBXGroup;
			children = (
				8B77D6DD2AE3BC5A004F354C /* rocket-launches.app */,
			);
			name = Products;
			sourceTree = "<group>";
		};
		8B77D6DF2AE3BC5A004F354C /* rocket-launches */ = {
			isa = PBXGroup;
			children = (
				8B77D6F12AE3BEC6004F354C /* GrahpQL */,
				8B77D6E02AE3BC5A004F354C /* rocket_launchesApp.swift */,
				8B77D6E22AE3BC5A004F354C /* ContentView.swift */,
				8B6D47502AE3C3B7002E6811 /* Network.swift */,
				8B77D6E42AE3BC5C004F354C /* Assets.xcassets */,
				8B77D6E62AE3BC5C004F354C /* Preview Content */,
				8B6D47522AE3C521002E6811 /* LaunchViewModel.swift */,
				8B6D47542AE3C889002E6811 /* LaunchModel.swift */,
			);
			path = "rocket-launches";
			sourceTree = "<group>";
		};
		8B77D6E62AE3BC5C004F354C /* Preview Content */ = {
			isa = PBXGroup;
			children = (
				8B77D6E72AE3BC5C004F354C /* Preview Assets.xcassets */,
			);
			path = "Preview Content";
			sourceTree = "<group>";
		};
/* End PBXGroup section */

/* Begin PBXNativeTarget section */
		8B77D6DC2AE3BC5A004F354C /* rocket-launches */ = {
			isa = PBXNativeTarget;
			buildConfigurationList = 8B77D6EB2AE3BC5C004F354C /* Build configuration list for PBXNativeTarget "rocket-launches" */;
			buildPhases = (
				8B77D6D92AE3BC5A004F354C /* Sources */,
				8B77D6DA2AE3BC5A004F354C /* Frameworks */,
				8B77D6DB2AE3BC5A004F354C /* Resources */,
			);
			buildRules = (
			);
			dependencies = (
			);
			name = "rocket-launches";
			packageProductDependencies = (
				8B77D6EF2AE3BCB6004F354C /* Apollo */,
				8B6D47472AE3C092002E6811 /* SpaceXAPI */,
				8B6D47492AE3C0DD002E6811 /* SpaceXAPI */,
				8B6D474C2AE3C147002E6811 /* SpaceXAPI */,
			);
			productName = "rocket-launches";
			productReference = 8B77D6DD2AE3BC5A004F354C /* rocket-launches.app */;
			productType = "com.apple.product-type.application";
		};
/* End PBXNativeTarget section */

/* Begin PBXProject section */
		8B77D6D52AE3BC5A004F354C /* Project object */ = {
			isa = PBXProject;
			attributes = {
				BuildIndependentTargetsInParallel = 1;
				LastSwiftUpdateCheck = 1500;
				LastUpgradeCheck = 1500;
				TargetAttributes = {
					8B77D6DC2AE3BC5A004F354C = {
						CreatedOnToolsVersion = 15.0;
					};
				};
			};
			buildConfigurationList = 8B77D6D82AE3BC5A004F354C /* Build configuration list for PBXProject "rocket-launches" */;
			compatibilityVersion = "Xcode 14.0";
			developmentRegion = en;
			hasScannedForEncodings = 0;
			knownRegions = (
				en,
				Base,
			);
			mainGroup = 8B77D6D42AE3BC5A004F354C;
			packageReferences = (
				8B77D6EE2AE3BCB6004F354C /* XCRemoteSwiftPackageReference "apollo-ios" */,
				8B6D474B2AE3C147002E6811 /* XCLocalSwiftPackageReference "SpaceXAPI" */,
			);
			productRefGroup = 8B77D6DE2AE3BC5A004F354C /* Products */;
			projectDirPath = "";
			projectRoot = "";
			targets = (
				8B77D6DC2AE3BC5A004F354C /* rocket-launches */,
			);
		};
/* End PBXProject section */

/* Begin PBXResourcesBuildPhase section */
		8B77D6DB2AE3BC5A004F354C /* Resources */ = {
			isa = PBXResourcesBuildPhase;
			buildActionMask = 2147483647;
			files = (
				8B77D6F22AE3BEC6004F354C /* GrahpQL in Resources */,
				8B77D6E82AE3BC5C004F354C /* Preview Assets.xcassets in Resources */,
				8B77D6E52AE3BC5C004F354C /* Assets.xcassets in Resources */,
			);
			runOnlyForDeploymentPostprocessing = 0;
		};
/* End PBXResourcesBuildPhase section */

/* Begin PBXSourcesBuildPhase section */
		8B77D6D92AE3BC5A004F354C /* Sources */ = {
			isa = PBXSourcesBuildPhase;
			buildActionMask = 2147483647;
			files = (
				8B77D6E32AE3BC5A004F354C /* ContentView.swift in Sources */,
				8B77D6E12AE3BC5A004F354C /* rocket_launchesApp.swift in Sources */,
				8B6D47512AE3C3B7002E6811 /* Network.swift in Sources */,
				8B6D47532AE3C521002E6811 /* LaunchViewModel.swift in Sources */,
				8B6D47552AE3C889002E6811 /* LaunchModel.swift in Sources */,
			);
			runOnlyForDeploymentPostprocessing = 0;
		};
/* End PBXSourcesBuildPhase section */

/* Begin XCBuildConfiguration section */
		8B77D6E92AE3BC5C004F354C /* Debug */ = {
			isa = XCBuildConfiguration;
			buildSettings = {
				ALWAYS_SEARCH_USER_PATHS = NO;
				ASSETCATALOG_COMPILER_GENERATE_SWIFT_ASSET_SYMBOL_EXTENSIONS = YES;
				CLANG_ANALYZER_NONNULL = YES;
				CLANG_ANALYZER_NUMBER_OBJECT_CONVERSION = YES_AGGRESSIVE;
				CLANG_CXX_LANGUAGE_STANDARD = "gnu++20";
				CLANG_ENABLE_MODULES = YES;
				CLANG_ENABLE_OBJC_ARC = YES;
				CLANG_ENABLE_OBJC_WEAK = YES;
				CLANG_WARN_BLOCK_CAPTURE_AUTORELEASING = YES;
				CLANG_WARN_BOOL_CONVERSION = YES;
				CLANG_WARN_COMMA = YES;
				CLANG_WARN_CONSTANT_CONVERSION = YES;
				CLANG_WARN_DEPRECATED_OBJC_IMPLEMENTATIONS = YES;
				CLANG_WARN_DIRECT_OBJC_ISA_USAGE = YES_ERROR;
				CLANG_WARN_DOCUMENTATION_COMMENTS = YES;
				CLANG_WARN_EMPTY_BODY = YES;
				CLANG_WARN_ENUM_CONVERSION = YES;
				CLANG_WARN_INFINITE_RECURSION = YES;
				CLANG_WARN_INT_CONVERSION = YES;
				CLANG_WARN_NON_LITERAL_NULL_CONVERSION = YES;
				CLANG_WARN_OBJC_IMPLICIT_RETAIN_SELF = YES;
				CLANG_WARN_OBJC_LITERAL_CONVERSION = YES;
				CLANG_WARN_OBJC_ROOT_CLASS = YES_ERROR;
				CLANG_WARN_QUOTED_INCLUDE_IN_FRAMEWORK_HEADER = YES;
				CLANG_WARN_RANGE_LOOP_ANALYSIS = YES;
				CLANG_WARN_STRICT_PROTOTYPES = YES;
				CLANG_WARN_SUSPICIOUS_MOVE = YES;
				CLANG_WARN_UNGUARDED_AVAILABILITY = YES_AGGRESSIVE;
				CLANG_WARN_UNREACHABLE_CODE = YES;
				CLANG_WARN__DUPLICATE_METHOD_MATCH = YES;
				COPY_PHASE_STRIP = NO;
				DEBUG_INFORMATION_FORMAT = dwarf;
				ENABLE_STRICT_OBJC_MSGSEND = YES;
				ENABLE_TESTABILITY = YES;
				ENABLE_USER_SCRIPT_SANDBOXING = YES;
				GCC_C_LANGUAGE_STANDARD = gnu17;
				GCC_DYNAMIC_NO_PIC = NO;
				GCC_NO_COMMON_BLOCKS = YES;
				GCC_OPTIMIZATION_LEVEL = 0;
				GCC_PREPROCESSOR_DEFINITIONS = (
					"DEBUG=1",
					"$(inherited)",
				);
				GCC_WARN_64_TO_32_BIT_CONVERSION = YES;
				GCC_WARN_ABOUT_RETURN_TYPE = YES_ERROR;
				GCC_WARN_UNDECLARED_SELECTOR = YES;
				GCC_WARN_UNINITIALIZED_AUTOS = YES_AGGRESSIVE;
				GCC_WARN_UNUSED_FUNCTION = YES;
				GCC_WARN_UNUSED_VARIABLE = YES;
				IPHONEOS_DEPLOYMENT_TARGET = 17.0;
				LOCALIZATION_PREFERS_STRING_CATALOGS = YES;
				MTL_ENABLE_DEBUG_INFO = INCLUDE_SOURCE;
				MTL_FAST_MATH = YES;
				ONLY_ACTIVE_ARCH = YES;
				SDKROOT = iphoneos;
				SWIFT_ACTIVE_COMPILATION_CONDITIONS = "DEBUG $(inherited)";
				SWIFT_OPTIMIZATION_LEVEL = "-Onone";
			};
			name = Debug;
		};
		8B77D6EA2AE3BC5C004F354C /* Release */ = {
			isa = XCBuildConfiguration;
			buildSettings = {
				ALWAYS_SEARCH_USER_PATHS = NO;
				ASSETCATALOG_COMPILER_GENERATE_SWIFT_ASSET_SYMBOL_EXTENSIONS = YES;
				CLANG_ANALYZER_NONNULL = YES;
				CLANG_ANALYZER_NUMBER_OBJECT_CONVERSION = YES_AGGRESSIVE;
				CLANG_CXX_LANGUAGE_STANDARD = "gnu++20";
				CLANG_ENABLE_MODULES = YES;
				CLANG_ENABLE_OBJC_ARC = YES;
				CLANG_ENABLE_OBJC_WEAK = YES;
				CLANG_WARN_BLOCK_CAPTURE_AUTORELEASING = YES;
				CLANG_WARN_BOOL_CONVERSION = YES;
				CLANG_WARN_COMMA = YES;
				CLANG_WARN_CONSTANT_CONVERSION = YES;
				CLANG_WARN_DEPRECATED_OBJC_IMPLEMENTATIONS = YES;
				CLANG_WARN_DIRECT_OBJC_ISA_USAGE = YES_ERROR;
				CLANG_WARN_DOCUMENTATION_COMMENTS = YES;
				CLANG_WARN_EMPTY_BODY = YES;
				CLANG_WARN_ENUM_CONVERSION = YES;
				CLANG_WARN_INFINITE_RECURSION = YES;
				CLANG_WARN_INT_CONVERSION = YES;
				CLANG_WARN_NON_LITERAL_NULL_CONVERSION = YES;
				CLANG_WARN_OBJC_IMPLICIT_RETAIN_SELF = YES;
				CLANG_WARN_OBJC_LITERAL_CONVERSION = YES;
				CLANG_WARN_OBJC_ROOT_CLASS = YES_ERROR;
				CLANG_WARN_QUOTED_INCLUDE_IN_FRAMEWORK_HEADER = YES;
				CLANG_WARN_RANGE_LOOP_ANALYSIS = YES;
				CLANG_WARN_STRICT_PROTOTYPES = YES;
				CLANG_WARN_SUSPICIOUS_MOVE = YES;
				CLANG_WARN_UNGUARDED_AVAILABILITY = YES_AGGRESSIVE;
				CLANG_WARN_UNREACHABLE_CODE = YES;
				CLANG_WARN__DUPLICATE_METHOD_MATCH = YES;
				COPY_PHASE_STRIP = NO;
				DEBUG_INFORMATION_FORMAT = "dwarf-with-dsym";
				ENABLE_NS_ASSERTIONS = NO;
				ENABLE_STRICT_OBJC_MSGSEND = YES;
				ENABLE_USER_SCRIPT_SANDBOXING = YES;
				GCC_C_LANGUAGE_STANDARD = gnu17;
				GCC_NO_COMMON_BLOCKS = YES;
				GCC_WARN_64_TO_32_BIT_CONVERSION = YES;
				GCC_WARN_ABOUT_RETURN_TYPE = YES_ERROR;
				GCC_WARN_UNDECLARED_SELECTOR = YES;
				GCC_WARN_UNINITIALIZED_AUTOS = YES_AGGRESSIVE;
				GCC_WARN_UNUSED_FUNCTION = YES;
				GCC_WARN_UNUSED_VARIABLE = YES;
				IPHONEOS_DEPLOYMENT_TARGET = 17.0;
				LOCALIZATION_PREFERS_STRING_CATALOGS = YES;
				MTL_ENABLE_DEBUG_INFO = NO;
				MTL_FAST_MATH = YES;
				SDKROOT = iphoneos;
				SWIFT_COMPILATION_MODE = wholemodule;
				VALIDATE_PRODUCT = YES;
			};
			name = Release;
		};
		8B77D6EC2AE3BC5C004F354C /* Debug */ = {
			isa = XCBuildConfiguration;
			buildSettings = {
				ASSETCATALOG_COMPILER_APPICON_NAME = AppIcon;
				ASSETCATALOG_COMPILER_GLOBAL_ACCENT_COLOR_NAME = AccentColor;
				CODE_SIGN_STYLE = Automatic;
				CURRENT_PROJECT_VERSION = 1;
				DEVELOPMENT_ASSET_PATHS = "\"rocket-launches/Preview Content\"";
				ENABLE_PREVIEWS = YES;
				GENERATE_INFOPLIST_FILE = YES;
				INFOPLIST_KEY_UIApplicationSceneManifest_Generation = YES;
				INFOPLIST_KEY_UIApplicationSupportsIndirectInputEvents = YES;
				INFOPLIST_KEY_UILaunchScreen_Generation = YES;
				INFOPLIST_KEY_UISupportedInterfaceOrientations_iPad = "UIInterfaceOrientationPortrait UIInterfaceOrientationPortraitUpsideDown UIInterfaceOrientationLandscapeLeft UIInterfaceOrientationLandscapeRight";
				INFOPLIST_KEY_UISupportedInterfaceOrientations_iPhone = "UIInterfaceOrientationPortrait UIInterfaceOrientationLandscapeLeft UIInterfaceOrientationLandscapeRight";
				LD_RUNPATH_SEARCH_PATHS = (
					"$(inherited)",
					"@executable_path/Frameworks",
				);
				MARKETING_VERSION = 1.0;
				PRODUCT_BUNDLE_IDENTIFIER = "queryapi.ikns.edu.bh.rocket-launches";
				PRODUCT_NAME = "$(TARGET_NAME)";
				SWIFT_EMIT_LOC_STRINGS = YES;
				SWIFT_VERSION = 5.0;
				TARGETED_DEVICE_FAMILY = "1,2";
			};
			name = Debug;
		};
		8B77D6ED2AE3BC5C004F354C /* Release */ = {
			isa = XCBuildConfiguration;
			buildSettings = {
				ASSETCATALOG_COMPILER_APPICON_NAME = AppIcon;
				ASSETCATALOG_COMPILER_GLOBAL_ACCENT_COLOR_NAME = AccentColor;
				CODE_SIGN_STYLE = Automatic;
				CURRENT_PROJECT_VERSION = 1;
				DEVELOPMENT_ASSET_PATHS = "\"rocket-launches/Preview Content\"";
				ENABLE_PREVIEWS = YES;
				GENERATE_INFOPLIST_FILE = YES;
				INFOPLIST_KEY_UIApplicationSceneManifest_Generation = YES;
				INFOPLIST_KEY_UIApplicationSupportsIndirectInputEvents = YES;
				INFOPLIST_KEY_UILaunchScreen_Generation = YES;
				INFOPLIST_KEY_UISupportedInterfaceOrientations_iPad = "UIInterfaceOrientationPortrait UIInterfaceOrientationPortraitUpsideDown UIInterfaceOrientationLandscapeLeft UIInterfaceOrientationLandscapeRight";
				INFOPLIST_KEY_UISupportedInterfaceOrientations_iPhone = "UIInterfaceOrientationPortrait UIInterfaceOrientationLandscapeLeft UIInterfaceOrientationLandscapeRight";
				LD_RUNPATH_SEARCH_PATHS = (
					"$(inherited)",
					"@executable_path/Frameworks",
				);
				MARKETING_VERSION = 1.0;
				PRODUCT_BUNDLE_IDENTIFIER = "queryapi.ikns.edu.bh.rocket-launches";
				PRODUCT_NAME = "$(TARGET_NAME)";
				SWIFT_EMIT_LOC_STRINGS = YES;
				SWIFT_VERSION = 5.0;
				TARGETED_DEVICE_FAMILY = "1,2";
			};
			name = Release;
		};
/* End XCBuildConfiguration section */

/* Begin XCConfigurationList section */
		8B77D6D82AE3BC5A004F354C /* Build configuration list for PBXProject "rocket-launches" */ = {
			isa = XCConfigurationList;
			buildConfigurations = (
				8B77D6E92AE3BC5C004F354C /* Debug */,
				8B77D6EA2AE3BC5C004F354C /* Release */,
			);
			defaultConfigurationIsVisible = 0;
			defaultConfigurationName = Release;
		};
		8B77D6EB2AE3BC5C004F354C /* Build configuration list for PBXNativeTarget "rocket-launches" */ = {
			isa = XCConfigurationList;
			buildConfigurations = (
				8B77D6EC2AE3BC5C004F354C /* Debug */,
				8B77D6ED2AE3BC5C004F354C /* Release */,
			);
			defaultConfigurationIsVisible = 0;
			defaultConfigurationName = Release;
		};
/* End XCConfigurationList section */

/* Begin XCLocalSwiftPackageReference section */
		8B6D474B2AE3C147002E6811 /* XCLocalSwiftPackageReference "SpaceXAPI" */ = {
			isa = XCLocalSwiftPackageReference;
			relativePath = SpaceXAPI;
		};
/* End XCLocalSwiftPackageReference section */

/* Begin XCRemoteSwiftPackageReference section */
		8B77D6EE2AE3BCB6004F354C /* XCRemoteSwiftPackageReference "apollo-ios" */ = {
			isa = XCRemoteSwiftPackageReference;
			repositoryURL = "https://github.com/apollographql/apollo-ios";
			requirement = {
				kind = upToNextMajorVersion;
				minimumVersion = 1.6.1;
			};
		};
/* End XCRemoteSwiftPackageReference section */

/* Begin XCSwiftPackageProductDependency section */
		8B6D47472AE3C092002E6811 /* SpaceXAPI */ = {
			isa = XCSwiftPackageProductDependency;
			productName = SpaceXAPI;
		};
		8B6D47492AE3C0DD002E6811 /* SpaceXAPI */ = {
			isa = XCSwiftPackageProductDependency;
			productName = SpaceXAPI;
		};
		8B6D474C2AE3C147002E6811 /* SpaceXAPI */ = {
			isa = XCSwiftPackageProductDependency;
			productName = SpaceXAPI;
		};
		8B77D6EF2AE3BCB6004F354C /* Apollo */ = {
			isa = XCSwiftPackageProductDependency;
			package = 8B77D6EE2AE3BCB6004F354C /* XCRemoteSwiftPackageReference "apollo-ios" */;
			productName = Apollo;
		};
/* End XCSwiftPackageProductDependency section */
	};
	rootObject = 8B77D6D52AE3BC5A004F354C /* Project object */;
}
